Microsoft Visual Studio Solution File, Format Version 11.00
# Visual Studio 2008

Project("{A74D84C2-7B5D-627C-F30B-6C3CD302AE1E}") = "FlippyUncle", "Assembly-CSharp.csproj", "{D2561A80-2B49-3FEF-7C44-EAD0F71D5055}"
EndProject
Project("{A74D84C2-7B5D-627C-F30B-6C3CD302AE1E}") = "FlippyUncle", "Assembly-CSharp-Editor.csproj", "{621D63B9-E1BD-B3CF-F327-6E2F6297C4FE}"
EndProject
Global
	GlobalSection(SolutionConfigurationPlatforms) = preSolution
		Debug|Any CPU = Debug|Any CPU
		Release|Any CPU = Release|Any CPU
	EndGlobalSection
	GlobalSection(ProjectConfigurationPlatforms) = postSolution
		{D2561A80-2B49-3FEF-7C44-EAD0F71D5055}.Debug|Any CPU.ActiveCfg = Debug|Any CPU
		{D2561A80-2B49-3FEF-7C44-EAD0F71D5055}.Debug|Any CPU.Build.0 = Debug|Any CPU
		{D2561A80-2B49-3FEF-7C44-EAD0F71D5055}.Release|Any CPU.ActiveCfg = Release|Any CPU
		{D2561A80-2B49-3FEF-7C44-EAD0F71D5055}.Release|Any CPU.Build.0 = Release|Any CPU
		{621D63B9-E1BD-B3CF-F327-6E2F6297C4FE}.Debug|Any CPU.ActiveCfg = Debug|Any CPU
		{621D63B9-E1BD-B3CF-F327-6E2F6297C4FE}.Debug|Any CPU.Build.0 = Debug|Any CPU
		{621D63B9-E1BD-B3CF-F327-6E2F6297C4FE}.Release|Any CPU.ActiveCfg = Release|Any CPU
		{621D63B9-E1BD-B3CF-F327-6E2F6297C4FE}.Release|Any CPU.Build.0 = Release|Any CPU
	EndGlobalSection
	GlobalSection(SolutionProperties) = preSolution
		HideSolutionNode = FALSE
	EndGlobalSection
				GlobalSection(MonoDevelopProperties) = preSolution
		StartupItem = Assembly-CSharp.csproj
	EndGlobalSection
EndGlobal
